
Microsoft Visual Studio Solution File, Format Version 12.00
# Visual Studio Version 17
VisualStudioVersion = 17.2.32526.322
MinimumVisualStudioVersion = 10.0.40219.1
Project("{FAE04EC0-301F-11D3-BF4B-00C04F79EFBC}") = "AppiumSummatorTests", "AppiumSummatorTests\AppiumSummatorTests.csproj", "{FFC1CE2F-7F5B-418F-9599-76EA5BB6B83F}"
EndProject
Global
	GlobalSection(SolutionConfigurationPlatforms) = preSolution
		Debug|Any CPU = Debug|Any CPU
		Release|Any CPU = Release|Any CPU
	EndGlobalSection
	GlobalSection(ProjectConfigurationPlatforms) = postSolution
		{FFC1CE2F-7F5B-418F-9599-76EA5BB6B83F}.Debug|Any CPU.ActiveCfg = Debug|Any CPU
		{FFC1CE2F-7F5B-418F-9599-76EA5BB6B83F}.Debug|Any CPU.Build.0 = Debug|Any CPU
		{FFC1CE2F-7F5B-418F-9599-76EA5BB6B83F}.Release|Any CPU.ActiveCfg = Release|Any CPU
		{FFC1CE2F-7F5B-418F-9599-76EA5BB6B83F}.Release|Any CPU.Build.0 = Release|Any CPU
	EndGlobalSection
	GlobalSection(SolutionProperties) = preSolution
		HideSolutionNode = FALSE
	EndGlobalSection
	GlobalSection(ExtensibilityGlobals) = postSolution
		SolutionGuid = {568F5700-957A-4B7A-ACED-5910C9432F22}
	EndGlobalSection
EndGlobal
